[[package]]
name = "flat-tree"
version = "3.0.0"
source = "registry+https://github.com/rust-lang/crates.io-index"

[[package]]
name = "memory-pager"
version = "0.4.5"
source = "registry+https://github.com/rust-lang/crates.io-index"

[[package]]
name = "sparse-bitfield"
version = "0.2.0"
source = "registry+https://github.com/rust-lang/crates.io-index"
dependencies = [
 "memory-pager 0.4.5 (registry+https://github.com/rust-lang/crates.io-index)",
]

[[package]]
name = "tree-index"
version = "0.1.0"
dependencies = [
 "flat-tree 3.0.0 (registry+https://github.com/rust-lang/crates.io-index)",
 "sparse-bitfield 0.2.0 (registry+https://github.com/rust-lang/crates.io-index)",
]

[metadata]
"checksum flat-tree 3.0.0 (registry+https://github.com/rust-lang/crates.io-index)" = "da9ba3f37640e7c3ed49c3871ac85d98a71b37e700d25684ff9e52963262ce2d"
"checksum memory-pager 0.4.5 (registry+https://github.com/rust-lang/crates.io-index)" = "c77dab48d60eed43ff908126b0c2d83488438de5321fd80066658cad588a4f12"
"checksum sparse-bitfield 0.2.0 (registry+https://github.com/rust-lang/crates.io-index)" = "ba72dcb9dd321587b049a4a12e673961338da83d062883424b5e9f3452947e0b"
